// !$*UTF8*$!
{
	archiveVersion = 1;
	classes = {
	};
	objectVersion = 55;
	objects = {

/* Begin PBXBuildFile section */
		FB16BE56291BE720002B3B3F /* LocationDetailsViewController.swift in Sources */ = {isa = PBXBuildFile; fileRef = FB16BE55291BE720002B3B3F /* LocationDetailsViewController.swift */; };
		FB16BE582922787C002B3B3F /* CategoryPickerViewController.swift in Sources */ = {isa = PBXBuildFile; fileRef = FB16BE572922787C002B3B3F /* CategoryPickerViewController.swift */; };
		FB16BE5A2922DFA8002B3B3F /* HudView.swift in Sources */ = {isa = PBXBuildFile; fileRef = FB16BE592922DFA8002B3B3F /* HudView.swift */; };
		FB16BE5C2923F348002B3B3F /* Functions.swift in Sources */ = {isa = PBXBuildFile; fileRef = FB16BE5B2923F348002B3B3F /* Functions.swift */; };
		FB16BE5F292515D9002B3B3F /* Location+CoreDataClass.swift in Sources */ = {isa = PBXBuildFile; fileRef = FB16BE5D292515D9002B3B3F /* Location+CoreDataClass.swift */; };
		FB16BE60292515D9002B3B3F /* Location+CoreDataProperties.swift in Sources */ = {isa = PBXBuildFile; fileRef = FB16BE5E292515D9002B3B3F /* Location+CoreDataProperties.swift */; };
		FB16BE622925899C002B3B3F /* LocationsViewController.swift in Sources */ = {isa = PBXBuildFile; fileRef = FB16BE612925899C002B3B3F /* LocationsViewController.swift */; };
		FB16BE6429267498002B3B3F /* LocationCell.swift in Sources */ = {isa = PBXBuildFile; fileRef = FB16BE6329267498002B3B3F /* LocationCell.swift */; };
		FB16BE66292BFBB6002B3B3F /* MapViewController.swift in Sources */ = {isa = PBXBuildFile; fileRef = FB16BE65292BFBB6002B3B3F /* MapViewController.swift */; };
		FB16BE6829379572002B3B3F /* UIImage+Resize.swift in Sources */ = {isa = PBXBuildFile; fileRef = FB16BE6729379572002B3B3F /* UIImage+Resize.swift */; };
		FB16BE6A2938E1DF002B3B3F /* String+AddText.swift in Sources */ = {isa = PBXBuildFile; fileRef = FB16BE692938E1DF002B3B3F /* String+AddText.swift */; };
		FBB1312729140E1000D54C03 /* AppDelegate.swift in Sources */ = {isa = PBXBuildFile; fileRef = FBB1312629140E1000D54C03 /* AppDelegate.swift */; };
		FBB1312929140E1000D54C03 /* SceneDelegate.swift in Sources */ = {isa = PBXBuildFile; fileRef = FBB1312829140E1000D54C03 /* SceneDelegate.swift */; };
		FBB1312B29140E1000D54C03 /* CurrentLocationViewController.swift in Sources */ = {isa = PBXBuildFile; fileRef = FBB1312A29140E1000D54C03 /* CurrentLocationViewController.swift */; };
		FBB1312E29140E1000D54C03 /* Main.storyboard in Resources */ = {isa = PBXBuildFile; fileRef = FBB1312C29140E1000D54C03 /* Main.storyboard */; };
		FBB1313129140E1000D54C03 /* MyLocations.xcdatamodeld in Sources */ = {isa = PBXBuildFile; fileRef = FBB1312F29140E1000D54C03 /* MyLocations.xcdatamodeld */; };
		FBB1313329140E1400D54C03 /* Assets.xcassets in Resources */ = {isa = PBXBuildFile; fileRef = FBB1313229140E1400D54C03 /* Assets.xcassets */; };
		FBB1313629140E1400D54C03 /* LaunchScreen.storyboard in Resources */ = {isa = PBXBuildFile; fileRef = FBB1313429140E1400D54C03 /* LaunchScreen.storyboard */; };
/* End PBXBuildFile section */

/* Begin PBXFileReference section */
		FB16BE55291BE720002B3B3F /* LocationDetailsViewController.swift */ = {isa = PBXFileReference; lastKnownFileType = sourcecode.swift; path = LocationDetailsViewController.swift; sourceTree = "<group>"; };
		FB16BE572922787C002B3B3F /* CategoryPickerViewController.swift */ = {isa = PBXFileReference; lastKnownFileType = sourcecode.swift; path = CategoryPickerViewController.swift; sourceTree = "<group>"; };
		FB16BE592922DFA8002B3B3F /* HudView.swift */ = {isa = PBXFileReference; lastKnownFileType = sourcecode.swift; path = HudView.swift; sourceTree = "<group>"; };
		FB16BE5B2923F348002B3B3F /* Functions.swift */ = {isa = PBXFileReference; lastKnownFileType = sourcecode.swift; path = Functions.swift; sourceTree = "<group>"; };
		FB16BE5D292515D9002B3B3F /* Location+CoreDataClass.swift */ = {isa = PBXFileReference; lastKnownFileType = sourcecode.swift; path = "Location+CoreDataClass.swift"; sourceTree = "<group>"; };
		FB16BE5E292515D9002B3B3F /* Location+CoreDataProperties.swift */ = {isa = PBXFileReference; lastKnownFileType = sourcecode.swift; path = "Location+CoreDataProperties.swift"; sourceTree = "<group>"; };
		FB16BE612925899C002B3B3F /* LocationsViewController.swift */ = {isa = PBXFileReference; lastKnownFileType = sourcecode.swift; path = LocationsViewController.swift; sourceTree = "<group>"; };
		FB16BE6329267498002B3B3F /* LocationCell.swift */ = {isa = PBXFileReference; lastKnownFileType = sourcecode.swift; path = LocationCell.swift; sourceTree = "<group>"; };
		FB16BE65292BFBB6002B3B3F /* MapViewController.swift */ = {isa = PBXFileReference; lastKnownFileType = sourcecode.swift; path = MapViewController.swift; sourceTree = "<group>"; };
		FB16BE6729379572002B3B3F /* UIImage+Resize.swift */ = {isa = PBXFileReference; lastKnownFileType = sourcecode.swift; path = "UIImage+Resize.swift"; sourceTree = "<group>"; };
		FB16BE692938E1DF002B3B3F /* String+AddText.swift */ = {isa = PBXFileReference; lastKnownFileType = sourcecode.swift; path = "String+AddText.swift"; sourceTree = "<group>"; };
		FBB1312329140E1000D54C03 /* MyLocations.app */ = {isa = PBXFileReference; explicitFileType = wrapper.application; includeInIndex = 0; path = MyLocations.app; sourceTree = BUILT_PRODUCTS_DIR; };
		FBB1312629140E1000D54C03 /* AppDelegate.swift */ = {isa = PBXFileReference; lastKnownFileType = sourcecode.swift; path = AppDelegate.swift; sourceTree = "<group>"; };
		FBB1312829140E1000D54C03 /* SceneDelegate.swift */ = {isa = PBXFileReference; lastKnownFileType = sourcecode.swift; path = SceneDelegate.swift; sourceTree = "<group>"; };
		FBB1312A29140E1000D54C03 /* CurrentLocationViewController.swift */ = {isa = PBXFileReference; lastKnownFileType = sourcecode.swift; path = CurrentLocationViewController.swift; sourceTree = "<group>"; };
		FBB1312D29140E1000D54C03 /* Base */ = {isa = PBXFileReference; lastKnownFileType = file.storyboard; name = Base; path = Base.lproj/Main.storyboard; sourceTree = "<group>"; };
		FBB1313029140E1000D54C03 /* MyLocations.xcdatamodel */ = {isa = PBXFileReference; lastKnownFileType = wrapper.xcdatamodel; path = MyLocations.xcdatamodel; sourceTree = "<group>"; };
		FBB1313229140E1400D54C03 /* Assets.xcassets */ = {isa = PBXFileReference; lastKnownFileType = folder.assetcatalog; path = Assets.xcassets; sourceTree = "<group>"; };
		FBB1313529140E1400D54C03 /* Base */ = {isa = PBXFileReference; lastKnownFileType = file.storyboard; name = Base; path = Base.lproj/LaunchScreen.storyboard; sourceTree = "<group>"; };
		FBB1313729140E1400D54C03 /* Info.plist */ = {isa = PBXFileReference; lastKnownFileType = text.plist.xml; path = Info.plist; sourceTree = "<group>"; };
/* End PBXFileReference section */

/* Begin PBXFrameworksBuildPhase section */
		FBB1312029140E1000D54C03 /* Frameworks */ = {
			isa = PBXFrameworksBuildPhase;
			buildActionMask = 2147483647;
			files = (
			);
			runOnlyForDeploymentPostprocessing = 0;
		};
/* End PBXFrameworksBuildPhase section */

/* Begin PBXGroup section */
		FBB1311A29140E1000D54C03 = {
			isa = PBXGroup;
			children = (
				FB16BE5D292515D9002B3B3F /* Location+CoreDataClass.swift */,
				FB16BE5E292515D9002B3B3F /* Location+CoreDataProperties.swift */,
				FBB1312529140E1000D54C03 /* MyLocations */,
				FBB1312429140E1000D54C03 /* Products */,
			);
			sourceTree = "<group>";
		};
		FBB1312429140E1000D54C03 /* Products */ = {
			isa = PBXGroup;
			children = (
				FBB1312329140E1000D54C03 /* MyLocations.app */,
			);
			name = Products;
			sourceTree = "<group>";
		};
		FBB1312529140E1000D54C03 /* MyLocations */ = {
			isa = PBXGroup;
			children = (
				FBB1312629140E1000D54C03 /* AppDelegate.swift */,
				FBB1312829140E1000D54C03 /* SceneDelegate.swift */,
				FBB1312A29140E1000D54C03 /* CurrentLocationViewController.swift */,
				FB16BE55291BE720002B3B3F /* LocationDetailsViewController.swift */,
				FB16BE572922787C002B3B3F /* CategoryPickerViewController.swift */,
				FB16BE612925899C002B3B3F /* LocationsViewController.swift */,
				FB16BE65292BFBB6002B3B3F /* MapViewController.swift */,
				FBB1312C29140E1000D54C03 /* Main.storyboard */,
				FBB1313229140E1400D54C03 /* Assets.xcassets */,
				FBB1313429140E1400D54C03 /* LaunchScreen.storyboard */,
				FBB1313729140E1400D54C03 /* Info.plist */,
				FBB1312F29140E1000D54C03 /* MyLocations.xcdatamodeld */,
				FB16BE592922DFA8002B3B3F /* HudView.swift */,
				FB16BE5B2923F348002B3B3F /* Functions.swift */,
				FB16BE6329267498002B3B3F /* LocationCell.swift */,
				FB16BE6729379572002B3B3F /* UIImage+Resize.swift */,
				FB16BE692938E1DF002B3B3F /* String+AddText.swift */,
			);
			path = MyLocations;
			sourceTree = "<group>";
		};
/* End PBXGroup section */

/* Begin PBXNativeTarget section */
		FBB1312229140E1000D54C03 /* MyLocations */ = {
			isa = PBXNativeTarget;
			buildConfigurationList = FBB1313A29140E1400D54C03 /* Build configuration list for PBXNativeTarget "MyLocations" */;
			buildPhases = (
				FBB1311F29140E1000D54C03 /* Sources */,
				FBB1312029140E1000D54C03 /* Frameworks */,
				FBB1312129140E1000D54C03 /* Resources */,
			);
			buildRules = (
			);
			dependencies = (
			);
			name = MyLocations;
			productName = MyLocations;
			productReference = FBB1312329140E1000D54C03 /* MyLocations.app */;
			productType = "com.apple.product-type.application";
		};
/* End PBXNativeTarget section */

/* Begin PBXProject section */
		FBB1311B29140E1000D54C03 /* Project object */ = {
			isa = PBXProject;
			attributes = {
				BuildIndependentTargetsInParallel = 1;
				LastSwiftUpdateCheck = 1340;
				LastUpgradeCheck = 1340;
				TargetAttributes = {
					FBB1312229140E1000D54C03 = {
						CreatedOnToolsVersion = 13.4.1;
					};
				};
			};
			buildConfigurationList = FBB1311E29140E1000D54C03 /* Build configuration list for PBXProject "MyLocations" */;
			compatibilityVersion = "Xcode 13.0";
			developmentRegion = en;
			hasScannedForEncodings = 0;
			knownRegions = (
				en,
				Base,
			);
			mainGroup = FBB1311A29140E1000D54C03;
			productRefGroup = FBB1312429140E1000D54C03 /* Products */;
			projectDirPath = "";
			projectRoot = "";
			targets = (
				FBB1312229140E1000D54C03 /* MyLocations */,
			);
		};
/* End PBXProject section */

/* Begin PBXResourcesBuildPhase section */
		FBB1312129140E1000D54C03 /* Resources */ = {
			isa = PBXResourcesBuildPhase;
			buildActionMask = 2147483647;
			files = (
				FBB1313629140E1400D54C03 /* LaunchScreen.storyboard in Resources */,
				FBB1313329140E1400D54C03 /* Assets.xcassets in Resources */,
				FBB1312E29140E1000D54C03 /* Main.storyboard in Resources */,
			);
			runOnlyForDeploymentPostprocessing = 0;
		};
/* End PBXResourcesBuildPhase section */

/* Begin PBXSourcesBuildPhase section */
		FBB1311F29140E1000D54C03 /* Sources */ = {
			isa = PBXSourcesBuildPhase;
			buildActionMask = 2147483647;
			files = (
				FB16BE582922787C002B3B3F /* CategoryPickerViewController.swift in Sources */,
				FBB1312B29140E1000D54C03 /* CurrentLocationViewController.swift in Sources */,
				FBB1312729140E1000D54C03 /* AppDelegate.swift in Sources */,
				FB16BE5C2923F348002B3B3F /* Functions.swift in Sources */,
				FB16BE622925899C002B3B3F /* LocationsViewController.swift in Sources */,
				FB16BE60292515D9002B3B3F /* Location+CoreDataProperties.swift in Sources */,
				FB16BE66292BFBB6002B3B3F /* MapViewController.swift in Sources */,
				FB16BE6829379572002B3B3F /* UIImage+Resize.swift in Sources */,
				FB16BE6429267498002B3B3F /* LocationCell.swift in Sources */,
				FBB1313129140E1000D54C03 /* MyLocations.xcdatamodeld in Sources */,
				FBB1312929140E1000D54C03 /* SceneDelegate.swift in Sources */,
				FB16BE5F292515D9002B3B3F /* Location+CoreDataClass.swift in Sources */,
				FB16BE6A2938E1DF002B3B3F /* String+AddText.swift in Sources */,
				FB16BE5A2922DFA8002B3B3F /* HudView.swift in Sources */,
				FB16BE56291BE720002B3B3F /* LocationDetailsViewController.swift in Sources */,
			);
			runOnlyForDeploymentPostprocessing = 0;
		};
/* End PBXSourcesBuildPhase section */

/* Begin PBXVariantGroup section */
		FBB1312C29140E1000D54C03 /* Main.storyboard */ = {
			isa = PBXVariantGroup;
			children = (
				FBB1312D29140E1000D54C03 /* Base */,
			);
			name = Main.storyboard;
			sourceTree = "<group>";
		};
		FBB1313429140E1400D54C03 /* LaunchScreen.storyboard */ = {
			isa = PBXVariantGroup;
			children = (
				FBB1313529140E1400D54C03 /* Base */,
			);
			name = LaunchScreen.storyboard;
			sourceTree = "<group>";
		};
/* End PBXVariantGroup section */

/* Begin XCBuildConfiguration section */
		FBB1313829140E1400D54C03 /* Debug */ = {
			isa = XCBuildConfiguration;
			buildSettings = {
				ALWAYS_SEARCH_USER_PATHS = NO;
				CLANG_ANALYZER_NONNULL = YES;
				CLANG_ANALYZER_NUMBER_OBJECT_CONVERSION = YES_AGGRESSIVE;
				CLANG_CXX_LANGUAGE_STANDARD = "gnu++17";
				CLANG_ENABLE_MODULES = YES;
				CLANG_ENABLE_OBJC_ARC = YES;
				CLANG_ENABLE_OBJC_WEAK = YES;
				CLANG_WARN_BLOCK_CAPTURE_AUTORELEASING = YES;
				CLANG_WARN_BOOL_CONVERSION = YES;
				CLANG_WARN_COMMA = YES;
				CLANG_WARN_CONSTANT_CONVERSION = YES;
				CLANG_WARN_DEPRECATED_OBJC_IMPLEMENTATIONS = YES;
				CLANG_WARN_DIRECT_OBJC_ISA_USAGE = YES_ERROR;
				CLANG_WARN_DOCUMENTATION_COMMENTS = YES;
				CLANG_WARN_EMPTY_BODY = YES;
				CLANG_WARN_ENUM_CONVERSION = YES;
				CLANG_WARN_INFINITE_RECURSION = YES;
				CLANG_WARN_INT_CONVERSION = YES;
				CLANG_WARN_NON_LITERAL_NULL_CONVERSION = YES;
				CLANG_WARN_OBJC_IMPLICIT_RETAIN_SELF = YES;
				CLANG_WARN_OBJC_LITERAL_CONVERSION = YES;
				CLANG_WARN_OBJC_ROOT_CLASS = YES_ERROR;
				CLANG_WARN_QUOTED_INCLUDE_IN_FRAMEWORK_HEADER = YES;
				CLANG_WARN_RANGE_LOOP_ANALYSIS = YES;
				CLANG_WARN_STRICT_PROTOTYPES = YES;
				CLANG_WARN_SUSPICIOUS_MOVE = YES;
				CLANG_WARN_UNGUARDED_AVAILABILITY = YES_AGGRESSIVE;
				CLANG_WARN_UNREACHABLE_CODE = YES;
				CLANG_WARN__DUPLICATE_METHOD_MATCH = YES;
				COPY_PHASE_STRIP = NO;
				DEBUG_INFORMATION_FORMAT = dwarf;
				ENABLE_STRICT_OBJC_MSGSEND = YES;
				ENABLE_TESTABILITY = YES;
				GCC_C_LANGUAGE_STANDARD = gnu11;
				GCC_DYNAMIC_NO_PIC = NO;
				GCC_NO_COMMON_BLOCKS = YES;
				GCC_OPTIMIZATION_LEVEL = 0;
				GCC_PREPROCESSOR_DEFINITIONS = (
					"DEBUG=1",
					"$(inherited)",
				);
				GCC_WARN_64_TO_32_BIT_CONVERSION = YES;
				GCC_WARN_ABOUT_RETURN_TYPE = YES_ERROR;
				GCC_WARN_UNDECLARED_SELECTOR = YES;
				GCC_WARN_UNINITIALIZED_AUTOS = YES_AGGRESSIVE;
				GCC_WARN_UNUSED_FUNCTION = YES;
				GCC_WARN_UNUSED_VARIABLE = YES;
				IPHONEOS_DEPLOYMENT_TARGET = 15.5;
				MTL_ENABLE_DEBUG_INFO = INCLUDE_SOURCE;
				MTL_FAST_MATH = YES;
				ONLY_ACTIVE_ARCH = YES;
				SDKROOT = iphoneos;
				SWIFT_ACTIVE_COMPILATION_CONDITIONS = DEBUG;
				SWIFT_OPTIMIZATION_LEVEL = "-Onone";
			};
			name = Debug;
		};
		FBB1313929140E1400D54C03 /* Release */ = {
			isa = XCBuildConfiguration;
			buildSettings = {
				ALWAYS_SEARCH_USER_PATHS = NO;
				CLANG_ANALYZER_NONNULL = YES;
				CLANG_ANALYZER_NUMBER_OBJECT_CONVERSION = YES_AGGRESSIVE;
				CLANG_CXX_LANGUAGE_STANDARD = "gnu++17";
				CLANG_ENABLE_MODULES = YES;
				CLANG_ENABLE_OBJC_ARC = YES;
				CLANG_ENABLE_OBJC_WEAK = YES;
				CLANG_WARN_BLOCK_CAPTURE_AUTORELEASING = YES;
				CLANG_WARN_BOOL_CONVERSION = YES;
				CLANG_WARN_COMMA = YES;
				CLANG_WARN_CONSTANT_CONVERSION = YES;
				CLANG_WARN_DEPRECATED_OBJC_IMPLEMENTATIONS = YES;
				CLANG_WARN_DIRECT_OBJC_ISA_USAGE = YES_ERROR;
				CLANG_WARN_DOCUMENTATION_COMMENTS = YES;
				CLANG_WARN_EMPTY_BODY = YES;
				CLANG_WARN_ENUM_CONVERSION = YES;
				CLANG_WARN_INFINITE_RECURSION = YES;
				CLANG_WARN_INT_CONVERSION = YES;
				CLANG_WARN_NON_LITERAL_NULL_CONVERSION = YES;
				CLANG_WARN_OBJC_IMPLICIT_RETAIN_SELF = YES;
				CLANG_WARN_OBJC_LITERAL_CONVERSION = YES;
				CLANG_WARN_OBJC_ROOT_CLASS = YES_ERROR;
				CLANG_WARN_QUOTED_INCLUDE_IN_FRAMEWORK_HEADER = YES;
				CLANG_WARN_RANGE_LOOP_ANALYSIS = YES;
				CLANG_WARN_STRICT_PROTOTYPES = YES;
				CLANG_WARN_SUSPICIOUS_MOVE = YES;
				CLANG_WARN_UNGUARDED_AVAILABILITY = YES_AGGRESSIVE;
				CLANG_WARN_UNREACHABLE_CODE = YES;
				CLANG_WARN__DUPLICATE_METHOD_MATCH = YES;
				COPY_PHASE_STRIP = NO;
				DEBUG_INFORMATION_FORMAT = "dwarf-with-dsym";
				ENABLE_NS_ASSERTIONS = NO;
				ENABLE_STRICT_OBJC_MSGSEND = YES;
				GCC_C_LANGUAGE_STANDARD = gnu11;
				GCC_NO_COMMON_BLOCKS = YES;
				GCC_WARN_64_TO_32_BIT_CONVERSION = YES;
				GCC_WARN_ABOUT_RETURN_TYPE = YES_ERROR;
				GCC_WARN_UNDECLARED_SELECTOR = YES;
				GCC_WARN_UNINITIALIZED_AUTOS = YES_AGGRESSIVE;
				GCC_WARN_UNUSED_FUNCTION = YES;
				GCC_WARN_UNUSED_VARIABLE = YES;
				IPHONEOS_DEPLOYMENT_TARGET = 15.5;
				MTL_ENABLE_DEBUG_INFO = NO;
				MTL_FAST_MATH = YES;
				SDKROOT = iphoneos;
				SWIFT_COMPILATION_MODE = wholemodule;
				SWIFT_OPTIMIZATION_LEVEL = "-O";
				VALIDATE_PRODUCT = YES;
			};
			name = Release;
		};
		FBB1313B29140E1400D54C03 /* Debug */ = {
			isa = XCBuildConfiguration;
			buildSettings = {
				ASSETCATALOG_COMPILER_APPICON_NAME = AppIcon;
				ASSETCATALOG_COMPILER_GLOBAL_ACCENT_COLOR_NAME = AccentColor;
				CODE_SIGN_STYLE = Automatic;
				CURRENT_PROJECT_VERSION = 1;
				DEVELOPMENT_TEAM = 9UB7ZHBJQ4;
				GENERATE_INFOPLIST_FILE = YES;
				INFOPLIST_FILE = MyLocations/Info.plist;
				INFOPLIST_KEY_NSCameraUsageDescription = "Add photos to your location";
				INFOPLIST_KEY_NSLocationWhenInUseUsageDescription = "This app lets you keep track of interesting places. It needs access to the GPS\ncoordinates for your location.";
				INFOPLIST_KEY_NSPhotoLibraryAddUsageDescription = "Add photos to your location";
				INFOPLIST_KEY_UIApplicationSupportsIndirectInputEvents = YES;
				INFOPLIST_KEY_UILaunchStoryboardName = LaunchScreen;
				INFOPLIST_KEY_UIMainStoryboardFile = Main;
				INFOPLIST_KEY_UIRequiredDeviceCapabilities = "location-services";
				INFOPLIST_KEY_UISupportedInterfaceOrientations = UIInterfaceOrientationPortrait;
				INFOPLIST_KEY_UISupportedInterfaceOrientations_iPad = "UIInterfaceOrientationPortrait UIInterfaceOrientationPortraitUpsideDown UIInterfaceOrientationLandscapeLeft UIInterfaceOrientationLandscapeRight";
				INFOPLIST_KEY_UISupportedInterfaceOrientations_iPhone = "UIInterfaceOrientationPortrait UIInterfaceOrientationLandscapeLeft UIInterfaceOrientationLandscapeRight";
				INFOPLIST_KEY_UIUserInterfaceStyle = Dark;
				LD_RUNPATH_SEARCH_PATHS = (
					"$(inherited)",
					"@executable_path/Frameworks",
				);
				MARKETING_VERSION = 1.0;
				PRODUCT_BUNDLE_IDENTIFIER = cengiz.MyLocations;
				PRODUCT_NAME = "$(TARGET_NAME)";
				SWIFT_EMIT_LOC_STRINGS = YES;
				SWIFT_VERSION = 5.0;
				TARGETED_DEVICE_FAMILY = "1,2";
			};
			name = Debug;
		};
		FBB1313C29140E1400D54C03 /* Release */ = {
			isa = XCBuildConfiguration;
			buildSettings = {
				ASSETCATALOG_COMPILER_APPICON_NAME = AppIcon;
				ASSETCATALOG_COMPILER_GLOBAL_ACCENT_COLOR_NAME = AccentColor;
				CODE_SIGN_STYLE = Automatic;
				CURRENT_PROJECT_VERSION = 1;
				DEVELOPMENT_TEAM = 9UB7ZHBJQ4;
				GENERATE_INFOPLIST_FILE = YES;
				INFOPLIST_FILE = MyLocations/Info.plist;
				INFOPLIST_KEY_NSCameraUsageDescription = "Add photos to your location";
				INFOPLIST_KEY_NSLocationWhenInUseUsageDescription = "This app lets you keep track of interesting places. It needs access to the GPS\ncoordinates for your location.";
				INFOPLIST_KEY_NSPhotoLibraryAddUsageDescription = "Add photos to your location";
				INFOPLIST_KEY_UIApplicationSupportsIndirectInputEvents = YES;
				INFOPLIST_KEY_UILaunchStoryboardName = LaunchScreen;
				INFOPLIST_KEY_UIMainStoryboardFile = Main;
				INFOPLIST_KEY_UIRequiredDeviceCapabilities = "location-services";
				INFOPLIST_KEY_UISupportedInterfaceOrientations = UIInterfaceOrientationPortrait;
				INFOPLIST_KEY_UISupportedInterfaceOrientations_iPad = "UIInterfaceOrientationPortrait UIInterfaceOrientationPortraitUpsideDown UIInterfaceOrientationLandscapeLeft UIInterfaceOrientationLandscapeRight";
				INFOPLIST_KEY_UISupportedInterfaceOrientations_iPhone = "UIInterfaceOrientationPortrait UIInterfaceOrientationLandscapeLeft UIInterfaceOrientationLandscapeRight";
				INFOPLIST_KEY_UIUserInterfaceStyle = Dark;
				LD_RUNPATH_SEARCH_PATHS = (
					"$(inherited)",
					"@executable_path/Frameworks",
				);
				MARKETING_VERSION = 1.0;
				PRODUCT_BUNDLE_IDENTIFIER = cengiz.MyLocations;
				PRODUCT_NAME = "$(TARGET_NAME)";
				SWIFT_EMIT_LOC_STRINGS = YES;
				SWIFT_VERSION = 5.0;
				TARGETED_DEVICE_FAMILY = "1,2";
			};
			name = Release;
		};
/* End XCBuildConfiguration section */

/* Begin XCConfigurationList section */
		FBB1311E29140E1000D54C03 /* Build configuration list for PBXProject "MyLocations" */ = {
			isa = XCConfigurationList;
			buildConfigurations = (
				FBB1313829140E1400D54C03 /* Debug */,
				FBB1313929140E1400D54C03 /* Release */,
			);
			defaultConfigurationIsVisible = 0;
			defaultConfigurationName = Release;
		};
		FBB1313A29140E1400D54C03 /* Build configuration list for PBXNativeTarget "MyLocations" */ = {
			isa = XCConfigurationList;
			buildConfigurations = (
				FBB1313B29140E1400D54C03 /* Debug */,
				FBB1313C29140E1400D54C03 /* Release */,
			);
			defaultConfigurationIsVisible = 0;
			defaultConfigurationName = Release;
		};
/* End XCConfigurationList section */

/* Begin XCVersionGroup section */
		FBB1312F29140E1000D54C03 /* MyLocations.xcdatamodeld */ = {
			isa = XCVersionGroup;
			children = (
				FBB1313029140E1000D54C03 /* MyLocations.xcdatamodel */,
			);
			currentVersion = FBB1313029140E1000D54C03 /* MyLocations.xcdatamodel */;
			path = MyLocations.xcdatamodeld;
			sourceTree = "<group>";
			versionGroupType = wrapper.xcdatamodel;
		};
/* End XCVersionGroup section */
	};
	rootObject = FBB1311B29140E1000D54C03 /* Project object */;
}
